{
  "name": "react-native-scrollable-tab-view-ts",
  "version": "1.0.14",
  "lockfileVersion": 1,
  "requires": true,
  "dependencies": {
    "@react-native-community/viewpager": {
      "version": "2.0.2",
      "resolved": "https://registry.npmjs.org/@react-native-community/viewpager/-/viewpager-2.0.2.tgz",
      "integrity": "sha512-CKVhIZdX/Cmb80muog8sKpi5vM8npwFp4tx4Dj1IvTBidZweuO22+VH2rDOj7E0LzdV9IYRJ4FGBwcPBD2qUrQ=="
    }
  }
}
